[{<<"eleveldb">>,
  {git,"https://github.com/leo-project/eleveldb.git",
       {ref,"778bac1f9547d6920d3ade7bd33c3e165dc7ba36"}},
  0},
 {<<"leo_commons">>,
  {git,"https://github.com/leo-project/leo_commons.git",
       {ref,"5ed65bafb877ded9ee566cd19bcb9d4ef768122c"}},
  0},
 {<<"meck">>,
  {git,"https://github.com/eproxus/meck.git",
       {ref,"36b208e2d4d7d09ef7ef7f7aa7979da79fa97ef3"}},
  0},
 {<<"proper">>,
  {git,"https://github.com/manopapad/proper.git",
       {ref,"f5589897de7d87fedf71e8a8298cdfdebb665832"}},
  0}].
